
Microsoft Visual Studio Solution File, Format Version 12.00
# Visual Studio Version 16
VisualStudioVersion = 16.0.29215.179
MinimumVisualStudioVersion = 10.0.40219.1
Project("{FAE04EC0-301F-11D3-BF4B-00C04F79EFBC}") = "Task_Manager", "Task_Manager.csproj", "{9089D732-7489-4F1B-937F-637ECC8B7641}"
EndProject
Global
	GlobalSection(SolutionConfigurationPlatforms) = preSolution
		Debug|Any CPU = Debug|Any CPU
		Release|Any CPU = Release|Any CPU
	EndGlobalSection
	GlobalSection(ProjectConfigurationPlatforms) = postSolution
		{9089D732-7489-4F1B-937F-637ECC8B7641}.Debug|Any CPU.ActiveCfg = Debug|Any CPU
		{9089D732-7489-4F1B-937F-637ECC8B7641}.Debug|Any CPU.Build.0 = Debug|Any CPU
		{9089D732-7489-4F1B-937F-637ECC8B7641}.Release|Any CPU.ActiveCfg = Release|Any CPU
		{9089D732-7489-4F1B-937F-637ECC8B7641}.Release|Any CPU.Build.0 = Release|Any CPU
	EndGlobalSection
	GlobalSection(SolutionProperties) = preSolution
		HideSolutionNode = FALSE
	EndGlobalSection
	GlobalSection(ExtensibilityGlobals) = postSolution
		SolutionGuid = {7F68F4AB-8B01-4B66-B573-1F0D15AFFB40}
	EndGlobalSection
EndGlobal
